
Microsoft Visual Studio Solution File, Format Version 12.00
# Visual Studio Version 17
VisualStudioVersion = 17.8.34408.163
MinimumVisualStudioVersion = 10.0.40219.1
Project("{FAE04EC0-301F-11D3-BF4B-00C04F79EFBC}") = "SIGA.Domain", "src\SIGA.Domain\SIGA.Domain.csproj", "{EF9C06CA-E1A5-4400-9E58-5D70B74CA219}"
EndProject
Project("{2150E333-8FDC-42A3-9474-1A3956D46DE8}") = "src", "src", "{55A6618C-CEB1-49CD-A15F-F6754E71116F}"
EndProject
Global
	GlobalSection(SolutionConfigurationPlatforms) = preSolution
		Debug|Any CPU = Debug|Any CPU
		Release|Any CPU = Release|Any CPU
	EndGlobalSection
	GlobalSection(ProjectConfigurationPlatforms) = postSolution
		{EF9C06CA-E1A5-4400-9E58-5D70B74CA219}.Debug|Any CPU.ActiveCfg = Debug|Any CPU
		{EF9C06CA-E1A5-4400-9E58-5D70B74CA219}.Debug|Any CPU.Build.0 = Debug|Any CPU
		{EF9C06CA-E1A5-4400-9E58-5D70B74CA219}.Release|Any CPU.ActiveCfg = Release|Any CPU
		{EF9C06CA-E1A5-4400-9E58-5D70B74CA219}.Release|Any CPU.Build.0 = Release|Any CPU
	EndGlobalSection
	GlobalSection(SolutionProperties) = preSolution
		HideSolutionNode = FALSE
	EndGlobalSection
	GlobalSection(NestedProjects) = preSolution
		{EF9C06CA-E1A5-4400-9E58-5D70B74CA219} = {55A6618C-CEB1-49CD-A15F-F6754E71116F}
	EndGlobalSection
	GlobalSection(ExtensibilityGlobals) = postSolution
		SolutionGuid = {20F022B5-48F7-412A-B88F-2D90233DE7E5}
	EndGlobalSection
EndGlobal
