
Microsoft Visual Studio Solution File, Format Version 12.00
# Visual Studio Version 17
VisualStudioVersion = 17.8.34408.163
MinimumVisualStudioVersion = 10.0.40219.1
Project("{9A19103F-16F7-4668-BE54-9A1E7A4F7556}") = "SIGA.Domain", "SIGA.Domain\SIGA.Domain.csproj", "{EF9C06CA-E1A5-4400-9E58-5D70B74CA219}"
EndProject
Project("{9A19103F-16F7-4668-BE54-9A1E7A4F7556}") = "SIGA.Infrastructure", "SIGA.Infrastructure\SIGA.Infrastructure.csproj", "{33337F42-F9C7-4426-93A9-6C66AF440A29}"
EndProject
Project("{9A19103F-16F7-4668-BE54-9A1E7A4F7556}") = "SIGA.IoC", "SIGA.IoC\SIGA.IoC.csproj", "{757CDEAC-5440-4DBA-A38B-58866E53D649}"
EndProject
Project("{9A19103F-16F7-4668-BE54-9A1E7A4F7556}") = "SIGA.Application", "SIGA.Application\SIGA.Application.csproj", "{E90C3907-0E1B-4234-9441-C403518800F4}"
EndProject
Project("{9A19103F-16F7-4668-BE54-9A1E7A4F7556}") = "SIGA.API", "SIGA.API\SIGA.API.csproj", "{FA9FE59B-72DC-4589-A56D-DE4F05F71B0B}"
EndProject
Project("{2150E333-8FDC-42A3-9474-1A3956D46DE8}") = "src", "src", "{0FD9E279-6B80-4D72-8FCE-6F373133EE67}"
EndProject
Project("{2150E333-8FDC-42A3-9474-1A3956D46DE8}") = "Core", "Core", "{CFA4E706-D74B-4376-9B8F-737848CFD78D}"
EndProject
Project("{2150E333-8FDC-42A3-9474-1A3956D46DE8}") = "Presentation", "Presentation", "{B5CE636F-CEAD-4646-978E-BCFD5F7B381E}"
EndProject
Project("{2150E333-8FDC-42A3-9474-1A3956D46DE8}") = "Infrastructure", "Infrastructure", "{32C18D78-E40D-4443-8F25-45FA73BC91D4}"
EndProject
Project("{FAE04EC0-301F-11D3-BF4B-00C04F79EFBC}") = "SIGA.Web", "SIGA.Web\SIGA.Web.csproj", "{FE0A9C49-BA57-474A-91BC-D839E5E8DA94}"
EndProject
Global
	GlobalSection(SolutionConfigurationPlatforms) = preSolution
		Debug|Any CPU = Debug|Any CPU
		Release|Any CPU = Release|Any CPU
	EndGlobalSection
	GlobalSection(ProjectConfigurationPlatforms) = postSolution
		{EF9C06CA-E1A5-4400-9E58-5D70B74CA219}.Debug|Any CPU.ActiveCfg = Debug|Any CPU
		{EF9C06CA-E1A5-4400-9E58-5D70B74CA219}.Debug|Any CPU.Build.0 = Debug|Any CPU
		{EF9C06CA-E1A5-4400-9E58-5D70B74CA219}.Release|Any CPU.ActiveCfg = Release|Any CPU
		{EF9C06CA-E1A5-4400-9E58-5D70B74CA219}.Release|Any CPU.Build.0 = Release|Any CPU
		{33337F42-F9C7-4426-93A9-6C66AF440A29}.Debug|Any CPU.ActiveCfg = Debug|Any CPU
		{33337F42-F9C7-4426-93A9-6C66AF440A29}.Debug|Any CPU.Build.0 = Debug|Any CPU
		{33337F42-F9C7-4426-93A9-6C66AF440A29}.Release|Any CPU.ActiveCfg = Release|Any CPU
		{33337F42-F9C7-4426-93A9-6C66AF440A29}.Release|Any CPU.Build.0 = Release|Any CPU
		{757CDEAC-5440-4DBA-A38B-58866E53D649}.Debug|Any CPU.ActiveCfg = Debug|Any CPU
		{757CDEAC-5440-4DBA-A38B-58866E53D649}.Debug|Any CPU.Build.0 = Debug|Any CPU
		{757CDEAC-5440-4DBA-A38B-58866E53D649}.Release|Any CPU.ActiveCfg = Release|Any CPU
		{757CDEAC-5440-4DBA-A38B-58866E53D649}.Release|Any CPU.Build.0 = Release|Any CPU
		{E90C3907-0E1B-4234-9441-C403518800F4}.Debug|Any CPU.ActiveCfg = Debug|Any CPU
		{E90C3907-0E1B-4234-9441-C403518800F4}.Debug|Any CPU.Build.0 = Debug|Any CPU
		{E90C3907-0E1B-4234-9441-C403518800F4}.Release|Any CPU.ActiveCfg = Release|Any CPU
		{E90C3907-0E1B-4234-9441-C403518800F4}.Release|Any CPU.Build.0 = Release|Any CPU
		{FA9FE59B-72DC-4589-A56D-DE4F05F71B0B}.Debug|Any CPU.ActiveCfg = Debug|Any CPU
		{FA9FE59B-72DC-4589-A56D-DE4F05F71B0B}.Debug|Any CPU.Build.0 = Debug|Any CPU
		{FA9FE59B-72DC-4589-A56D-DE4F05F71B0B}.Release|Any CPU.ActiveCfg = Release|Any CPU
		{FA9FE59B-72DC-4589-A56D-DE4F05F71B0B}.Release|Any CPU.Build.0 = Release|Any CPU
		{FE0A9C49-BA57-474A-91BC-D839E5E8DA94}.Debug|Any CPU.ActiveCfg = Debug|Any CPU
		{FE0A9C49-BA57-474A-91BC-D839E5E8DA94}.Debug|Any CPU.Build.0 = Debug|Any CPU
		{FE0A9C49-BA57-474A-91BC-D839E5E8DA94}.Release|Any CPU.ActiveCfg = Release|Any CPU
		{FE0A9C49-BA57-474A-91BC-D839E5E8DA94}.Release|Any CPU.Build.0 = Release|Any CPU
	EndGlobalSection
	GlobalSection(SolutionProperties) = preSolution
		HideSolutionNode = FALSE
	EndGlobalSection
	GlobalSection(NestedProjects) = preSolution
		{EF9C06CA-E1A5-4400-9E58-5D70B74CA219} = {CFA4E706-D74B-4376-9B8F-737848CFD78D}
		{33337F42-F9C7-4426-93A9-6C66AF440A29} = {32C18D78-E40D-4443-8F25-45FA73BC91D4}
		{757CDEAC-5440-4DBA-A38B-58866E53D649} = {32C18D78-E40D-4443-8F25-45FA73BC91D4}
		{E90C3907-0E1B-4234-9441-C403518800F4} = {CFA4E706-D74B-4376-9B8F-737848CFD78D}
		{FA9FE59B-72DC-4589-A56D-DE4F05F71B0B} = {B5CE636F-CEAD-4646-978E-BCFD5F7B381E}
		{CFA4E706-D74B-4376-9B8F-737848CFD78D} = {0FD9E279-6B80-4D72-8FCE-6F373133EE67}
		{B5CE636F-CEAD-4646-978E-BCFD5F7B381E} = {0FD9E279-6B80-4D72-8FCE-6F373133EE67}
		{32C18D78-E40D-4443-8F25-45FA73BC91D4} = {0FD9E279-6B80-4D72-8FCE-6F373133EE67}
		{FE0A9C49-BA57-474A-91BC-D839E5E8DA94} = {B5CE636F-CEAD-4646-978E-BCFD5F7B381E}
	EndGlobalSection
	GlobalSection(ExtensibilityGlobals) = postSolution
		SolutionGuid = {20F022B5-48F7-412A-B88F-2D90233DE7E5}
	EndGlobalSection
EndGlobal
